{
  "nodes": {
    "apple-fonts": {
      "inputs": {
        "nixpkgs": "nixpkgs",
        "ny": "ny",
        "sf-arabic": "sf-arabic",
        "sf-armenian": "sf-armenian",
        "sf-compact": "sf-compact",
        "sf-georgian": "sf-georgian",
        "sf-hebrew": "sf-hebrew",
        "sf-mono": "sf-mono",
        "sf-pro": "sf-pro"
      },
      "locked": {
        "lastModified": 1740961576,
        "narHash": "sha256-9L6d3owtajM72YvUOpK1zYle2nM0BpsuopbF9lm9lJs=",
        "owner": "Lyndeno",
        "repo": "apple-fonts.nix",
        "rev": "4df58996ed654f6ce9b71b41c1826484c6870739",
        "type": "github"
      },
      "original": {
        "owner": "Lyndeno",
        "repo": "apple-fonts.nix",
        "type": "github"
      }
    },
    "flake-compat": {
      "flake": false,
      "locked": {
        "lastModified": 1733328505,
        "narHash": "sha256-NeCCThCEP3eCl2l/+27kNNK7QrwZB1IJCrXfrbv5oqU=",
        "owner": "edolstra",
        "repo": "flake-compat",
        "rev": "ff81ac966bb2cae68946d5ed5fc4994f96d0ffec",
        "type": "github"
      },
      "original": {
        "owner": "edolstra",
        "repo": "flake-compat",
        "type": "github"
      }
    },
    "flake-compat_2": {
      "flake": false,
      "locked": {
        "lastModified": 1696426674,
        "narHash": "sha256-kvjfFW7WAETZlt09AgDn1MrtKzP7t90Vf7vypd3OL1U=",
        "owner": "edolstra",
        "repo": "flake-compat",
        "rev": "0f9255e01c2351cc7d116c072cb317785dd33b33",
        "type": "github"
      },
      "original": {
        "owner": "edolstra",
        "repo": "flake-compat",
        "type": "github"
      }
    },
    "flake-parts": {
      "inputs": {
        "nixpkgs-lib": [
          "neovim-nightly-overlay",
          "nixpkgs"
        ]
      },
      "locked": {
        "lastModified": 1743550720,
        "narHash": "sha256-hIshGgKZCgWh6AYJpJmRgFdR3WUbkY04o82X05xqQiY=",
        "owner": "hercules-ci",
        "repo": "flake-parts",
        "rev": "c621e8422220273271f52058f618c94e405bb0f5",
        "type": "github"
      },
      "original": {
        "owner": "hercules-ci",
        "repo": "flake-parts",
        "type": "github"
      }
    },
    "flake-parts_2": {
      "inputs": {
        "nixpkgs-lib": [
          "neovim-nightly-overlay",
          "hercules-ci-effects",
          "nixpkgs"
        ]
      },
      "locked": {
        "lastModified": 1743550720,
        "narHash": "sha256-hIshGgKZCgWh6AYJpJmRgFdR3WUbkY04o82X05xqQiY=",
        "owner": "hercules-ci",
        "repo": "flake-parts",
        "rev": "c621e8422220273271f52058f618c94e405bb0f5",
        "type": "github"
      },
      "original": {
        "id": "flake-parts",
        "type": "indirect"
      }
    },
    "git-hooks": {
      "inputs": {
        "flake-compat": "flake-compat_2",
        "gitignore": "gitignore",
        "nixpkgs": [
          "neovim-nightly-overlay",
          "nixpkgs"
        ]
      },
      "locked": {
        "lastModified": 1746537231,
        "narHash": "sha256-Wb2xeSyOsCoTCTj7LOoD6cdKLEROyFAArnYoS+noCWo=",
        "owner": "cachix",
        "repo": "git-hooks.nix",
        "rev": "fa466640195d38ec97cf0493d6d6882bc4d14969",
        "type": "github"
      },
      "original": {
        "owner": "cachix",
        "repo": "git-hooks.nix",
        "type": "github"
      }
    },
    "gitignore": {
      "inputs": {
        "nixpkgs": [
          "neovim-nightly-overlay",
          "git-hooks",
          "nixpkgs"
        ]
      },
      "locked": {
        "lastModified": 1709087332,
        "narHash": "sha256-HG2cCnktfHsKV0s4XW83gU3F57gaTljL9KNSuG6bnQs=",
        "owner": "hercules-ci",
        "repo": "gitignore.nix",
        "rev": "637db329424fd7e46cf4185293b9cc8c88c95394",
        "type": "github"
      },
      "original": {
        "owner": "hercules-ci",
        "repo": "gitignore.nix",
        "type": "github"
      }
    },
    "hercules-ci-effects": {
      "inputs": {
        "flake-parts": "flake-parts_2",
        "nixpkgs": [
          "neovim-nightly-overlay",
          "nixpkgs"
        ]
      },
      "locked": {
        "lastModified": 1744693102,
        "narHash": "sha256-1Z4WPGVky4w3lrhrgs89OKsLzPdtkbi1bPLNFWsoLfY=",
        "owner": "hercules-ci",
        "repo": "hercules-ci-effects",
        "rev": "5b6cec51c9ec095a0d3fd4c8eeb53eb5c59ae33e",
        "type": "github"
      },
      "original": {
        "owner": "hercules-ci",
        "repo": "hercules-ci-effects",
        "type": "github"
      }
    },
    "home-manager": {
      "inputs": {
        "nixpkgs": [
          "nixpkgs"
        ]
      },
      "locked": {
        "lastModified": 1746727295,
        "narHash": "sha256-0364XVBdfEA8rWfqEPvsgBqGFfq5r9LAo9CS9tvT7tg=",
        "owner": "nix-community",
        "repo": "home-manager",
        "rev": "a51598236f23c89e59ee77eb8e0614358b0e896c",
        "type": "github"
      },
      "original": {
        "owner": "nix-community",
        "repo": "home-manager",
        "type": "github"
      }
    },
    "hyprcursor": {
      "inputs": {
        "hyprlang": "hyprlang",
        "nixpkgs": "nixpkgs_2",
        "systems": "systems"
      },
      "locked": {
        "lastModified": 1745948457,
        "narHash": "sha256-lzTV10FJTCGNtMdgW5YAhCAqezeAzKOd/97HbQK8GTU=",
        "owner": "hyprwm",
        "repo": "hyprcursor",
        "rev": "ac903e80b33ba6a88df83d02232483d99f327573",
        "type": "github"
      },
      "original": {
        "owner": "hyprwm",
        "repo": "hyprcursor",
        "type": "github"
      }
    },
    "hyprcursor-phinger": {
      "inputs": {
        "nixpkgs": "nixpkgs_3"
      },
      "locked": {
        "lastModified": 1733645462,
        "narHash": "sha256-6ktkUyK1CAuAXRZLNcAvR7o9lduC/EX98wZaapi4Q5M=",
        "owner": "jappie3",
        "repo": "hyprcursor-phinger",
        "rev": "2e244e3398a3f9bbece6d21d56c2353cd773a8e6",
        "type": "github"
      },
      "original": {
        "owner": "jappie3",
        "repo": "hyprcursor-phinger",
        "type": "github"
      }
    },
    "hyprlang": {
      "inputs": {
        "hyprutils": "hyprutils",
        "nixpkgs": [
          "hyprcursor",
          "nixpkgs"
        ],
        "systems": [
          "hyprcursor",
          "systems"
        ]
      },
      "locked": {
        "lastModified": 1737634606,
        "narHash": "sha256-W7W87Cv6wqZ9PHegI6rH1+ve3zJPiyevMFf0/HwdbCQ=",
        "owner": "hyprwm",
        "repo": "hyprlang",
        "rev": "f41271d35cc0f370d300413d756c2677f386af9d",
        "type": "github"
      },
      "original": {
        "owner": "hyprwm",
        "repo": "hyprlang",
        "type": "github"
      }
    },
    "hyprutils": {
      "inputs": {
        "nixpkgs": [
          "hyprcursor",
          "hyprlang",
          "nixpkgs"
        ],
        "systems": [
          "hyprcursor",
          "hyprlang",
          "systems"
        ]
      },
      "locked": {
        "lastModified": 1737632363,
        "narHash": "sha256-X9I8POSlHxBVjD0fiX1O2j7U9Zi1+4rIkrsyHP0uHXY=",
        "owner": "hyprwm",
        "repo": "hyprutils",
        "rev": "006620eb29d54ea9086538891404c78563d1bae1",
        "type": "github"
      },
      "original": {
        "owner": "hyprwm",
        "repo": "hyprutils",
        "type": "github"
      }
    },
    "kvlibadwaita": {
      "inputs": {
        "nixpkgs": [
          "nixpkgs"
        ]
      },
      "locked": {
        "lastModified": 1720277189,
        "narHash": "sha256-GhYf//TrA+yWAIws/KTlx1V+ocb6QtxwH5uvnOFSqCY=",
        "owner": "MOIS3Y",
        "repo": "KvLibadwaita",
        "rev": "856ed01f26348d0f8a054b05c34c40f43a7bfbd4",
        "type": "github"
      },
      "original": {
        "owner": "MOIS3Y",
        "repo": "KvLibadwaita",
        "type": "github"
      }
    },
    "neovim-nightly-overlay": {
      "inputs": {
        "flake-compat": "flake-compat",
        "flake-parts": "flake-parts",
        "git-hooks": "git-hooks",
        "hercules-ci-effects": "hercules-ci-effects",
        "neovim-src": "neovim-src",
        "nixpkgs": "nixpkgs_4",
        "treefmt-nix": "treefmt-nix"
      },
      "locked": {
        "lastModified": 1746693006,
        "narHash": "sha256-IztZLDIwNOvJCxqnBmaU7/oEjOBLJZgmLoK0ikQGQkM=",
        "owner": "nix-community",
        "repo": "neovim-nightly-overlay",
        "rev": "b969e3c7bfcb7a438382dd6e379788f762094df5",
        "type": "github"
      },
      "original": {
        "owner": "nix-community",
        "repo": "neovim-nightly-overlay",
        "type": "github"
      }
    },
    "neovim-src": {
      "flake": false,
      "locked": {
        "lastModified": 1746661883,
        "narHash": "sha256-kjIDvE1KGhACcvAJGLgzaQDkenH8dN9Hapfc0/b/3bQ=",
        "owner": "neovim",
        "repo": "neovim",
        "rev": "1b8ae4336db86ff95998223cc6bd8e07229d237d",
        "type": "github"
      },
      "original": {
        "owner": "neovim",
        "repo": "neovim",
        "type": "github"
      }
    },
    "nixpkgs": {
      "locked": {
        "lastModified": 1740828860,
        "narHash": "sha256-cjbHI+zUzK5CPsQZqMhE3npTyYFt9tJ3+ohcfaOF/WM=",
        "owner": "nixos",
        "repo": "nixpkgs",
        "rev": "303bd8071377433a2d8f76e684ec773d70c5b642",
        "type": "github"
      },
      "original": {
        "owner": "nixos",
        "ref": "nixos-unstable",
        "repo": "nixpkgs",
        "type": "github"
      }
    },
    "nixpkgs_2": {
      "locked": {
        "lastModified": 1737469691,
        "narHash": "sha256-nmKOgAU48S41dTPIXAq0AHZSehWUn6ZPrUKijHAMmIk=",
        "owner": "NixOS",
        "repo": "nixpkgs",
        "rev": "9e4d5190a9482a1fb9d18adf0bdb83c6e506eaab",
        "type": "github"
      },
      "original": {
        "owner": "NixOS",
        "ref": "nixos-unstable",
        "repo": "nixpkgs",
        "type": "github"
      }
    },
    "nixpkgs_3": {
      "locked": {
        "lastModified": 1728492678,
        "narHash": "sha256-9UTxR8eukdg+XZeHgxW5hQA9fIKHsKCdOIUycTryeVw=",
        "owner": "nixos",
        "repo": "nixpkgs",
        "rev": "5633bcff0c6162b9e4b5f1264264611e950c8ec7",
        "type": "github"
      },
      "original": {
        "owner": "nixos",
        "ref": "nixos-unstable",
        "repo": "nixpkgs",
        "type": "github"
      }
    },
    "nixpkgs_4": {
      "locked": {
        "lastModified": 1746576598,
        "narHash": "sha256-FshoQvr6Aor5SnORVvh/ZdJ1Sa2U4ZrIMwKBX5k2wu0=",
        "owner": "NixOS",
        "repo": "nixpkgs",
        "rev": "b3582c75c7f21ce0b429898980eddbbf05c68e55",
        "type": "github"
      },
      "original": {
        "owner": "NixOS",
        "ref": "nixpkgs-unstable",
        "repo": "nixpkgs",
        "type": "github"
      }
    },
    "nixpkgs_5": {
      "locked": {
        "lastModified": 1746461020,
        "narHash": "sha256-7+pG1I9jvxNlmln4YgnlW4o+w0TZX24k688mibiFDUE=",
        "owner": "NixOS",
        "repo": "nixpkgs",
        "rev": "3730d8a308f94996a9ba7c7138ede69c1b9ac4ae",
        "type": "github"
      },
      "original": {
        "id": "nixpkgs",
        "ref": "nixos-unstable",
        "type": "indirect"
      }
    },
    "ny": {
      "flake": false,
      "locked": {
        "narHash": "sha256-3257NAH4qlan2YHVLpNRy7x8IJqR2pal3OzFo/ykqXs=",
        "type": "file",
        "url": "https://devimages-cdn.apple.com/design/resources/download/NY.dmg"
      },
      "original": {
        "type": "file",
        "url": "https://devimages-cdn.apple.com/design/resources/download/NY.dmg"
      }
    },
    "root": {
      "inputs": {
        "apple-fonts": "apple-fonts",
        "home-manager": "home-manager",
        "hyprcursor": "hyprcursor",
        "hyprcursor-phinger": "hyprcursor-phinger",
        "kvlibadwaita": "kvlibadwaita",
        "neovim-nightly-overlay": "neovim-nightly-overlay",
        "nixpkgs": "nixpkgs_5",
        "sf-mono-liga-src": "sf-mono-liga-src"
      }
    },
    "sf-arabic": {
      "flake": false,
      "locked": {
        "narHash": "sha256-/0gjRimqvZyE60xYxxPdlU+7Q2LJnnvtbmwOP0YmS9U=",
        "type": "file",
        "url": "https://devimages-cdn.apple.com/design/resources/download/SF-Arabic.dmg"
      },
      "original": {
        "type": "file",
        "url": "https://devimages-cdn.apple.com/design/resources/download/SF-Arabic.dmg"
      }
    },
    "sf-armenian": {
      "flake": false,
      "locked": {
        "narHash": "sha256-rRoDkbNMYkzOHZmQm96Zv80TZvRlAeoxkv4pMHP5nUg=",
        "type": "file",
        "url": "https://devimages-cdn.apple.com/design/resources/download/SF-Armenian.dmg"
      },
      "original": {
        "type": "file",
        "url": "https://devimages-cdn.apple.com/design/resources/download/SF-Armenian.dmg"
      }
    },
    "sf-compact": {
      "flake": false,
      "locked": {
        "narHash": "sha256-J72Lyt2wy83E46wN8w6/Rih9kilM9wEjtY6KnbF0DsA=",
        "type": "file",
        "url": "https://devimages-cdn.apple.com/design/resources/download/SF-Compact.dmg"
      },
      "original": {
        "type": "file",
        "url": "https://devimages-cdn.apple.com/design/resources/download/SF-Compact.dmg"
      }
    },
    "sf-georgian": {
      "flake": false,
      "locked": {
        "narHash": "sha256-IevVNOC28IiR45YfI3PsZzXLMRxuB5u7UiE53Zn6tRU=",
        "type": "file",
        "url": "https://devimages-cdn.apple.com/design/resources/download/SF-Georgian.dmg"
      },
      "original": {
        "type": "file",
        "url": "https://devimages-cdn.apple.com/design/resources/download/SF-Georgian.dmg"
      }
    },
    "sf-hebrew": {
      "flake": false,
      "locked": {
        "narHash": "sha256-Dw84kYwMpCtKKKqm8cZcQ9TZ7GayU5MO7W0LJw0Rcwk=",
        "type": "file",
        "url": "https://devimages-cdn.apple.com/design/resources/download/SF-Hebrew.dmg"
      },
      "original": {
        "type": "file",
        "url": "https://devimages-cdn.apple.com/design/resources/download/SF-Hebrew.dmg"
      }
    },
    "sf-mono": {
      "flake": false,
      "locked": {
        "narHash": "sha256-ICdHRFdNL7PM/fXJUzS7LgZxZiqcyIuCMHLze4En4vg=",
        "type": "file",
        "url": "https://devimages-cdn.apple.com/design/resources/download/SF-Mono.dmg"
      },
      "original": {
        "type": "file",
        "url": "https://devimages-cdn.apple.com/design/resources/download/SF-Mono.dmg"
      }
    },
    "sf-mono-liga-src": {
      "flake": false,
      "locked": {
        "lastModified": 1688258025,
        "narHash": "sha256-AYjKrVLISsJWXN6Cj74wXmbJtREkFDYOCRw1t2nVH2w=",
        "owner": "shaunsingh",
        "repo": "SFMono-Nerd-Font-Ligaturized",
        "rev": "dc5a3e6fcc2e16ad476b7be3c3c17c2273b260ea",
        "type": "github"
      },
      "original": {
        "owner": "shaunsingh",
        "repo": "SFMono-Nerd-Font-Ligaturized",
        "type": "github"
      }
    },
    "sf-pro": {
      "flake": false,
      "locked": {
        "narHash": "sha256-Q/pOQ4MGhW/ZtLka+UUQcwSoZFDWW34XvutxL4GvzUY=",
        "type": "file",
        "url": "https://devimages-cdn.apple.com/design/resources/download/SF-Pro.dmg"
      },
      "original": {
        "type": "file",
        "url": "https://devimages-cdn.apple.com/design/resources/download/SF-Pro.dmg"
      }
    },
    "systems": {
      "locked": {
        "lastModified": 1689347949,
        "narHash": "sha256-12tWmuL2zgBgZkdoB6qXZsgJEH9LR3oUgpaQq2RbI80=",
        "owner": "nix-systems",
        "repo": "default-linux",
        "rev": "31732fcf5e8fea42e59c2488ad31a0e651500f68",
        "type": "github"
      },
      "original": {
        "owner": "nix-systems",
        "repo": "default-linux",
        "type": "github"
      }
    },
    "treefmt-nix": {
      "inputs": {
        "nixpkgs": [
          "neovim-nightly-overlay",
          "nixpkgs"
        ]
      },
      "locked": {
        "lastModified": 1746216483,
        "narHash": "sha256-4h3s1L/kKqt3gMDcVfN8/4v2jqHrgLIe4qok4ApH5x4=",
        "owner": "numtide",
        "repo": "treefmt-nix",
        "rev": "29ec5026372e0dec56f890e50dbe4f45930320fd",
        "type": "github"
      },
      "original": {
        "owner": "numtide",
        "repo": "treefmt-nix",
        "type": "github"
      }
    }
  },
  "root": "root",
  "version": 7
}
